version = 1
revision = 3
requires-python = ">=3.11"

[[package]]
name = "counter"
version = "1.0.0"
source = { registry = "https://pypi.org/simple" }
sdist = { url = "https://files.pythonhosted.org/packages/7d/b0/23d19892f8d91ec9c5b8a2035659bce23587fed419d68fa3d70b6abf8bcd/Counter-1.0.0.tar.gz", hash = "sha256:9e008590e360936a66c98e1a01e7a9a0ecf6af19cc588107121f5fb4613bb60c", size = 5239, upload-time = "2012-09-19T20:01:00.212Z" }

[[package]]
name = "django-task-manager"
version = "0.1"
source = { registry = "https://pypi.org/simple" }
sdist = { url = "https://files.pythonhosted.org/packages/7d/fe/b9a2f3e355e8ca0495ed359e265c710e9a6385ba17fdf3516fca73bbb916/django-task-manager-0.1.tar.gz", hash = "sha256:57bb8ba5297787cea9487d73b8835ae20a4299fe77a3fc1208c2da9c94947e3b", size = 19654, upload-time = "2019-03-30T16:59:05.888Z" }
wheels = [
    { url = "https://files.pythonhosted.org/packages/f3/0f/d5c6be19f01d805f5add7cd98ea70ffa8dd5bb3891f2041b78ee306971ad/django_task_manager-0.1-py3-none-any.whl", hash = "sha256:d5c8acae0ec4f4886d00965507f0204a97a0910b82914391d3275e27992485a0", size = 29917, upload-time = "2019-03-30T16:59:02.68Z" },
]

[[package]]
name = "python-template"
version = "0.1.0"
source = { virtual = "." }
dependencies = [
    { name = "counter" },
    { name = "django-task-manager" },
    { name = "simplecalculator" },
]

[package.metadata]
requires-dist = [
    { name = "counter", specifier = ">=1.0.0" },
    { name = "django-task-manager", specifier = ">=0.1" },
    { name = "simplecalculator", specifier = ">=0.0.4" },
]

[[package]]
name = "simplecalculator"
version = "0.0.4"
source = { registry = "https://pypi.org/simple" }
sdist = { url = "https://files.pythonhosted.org/packages/69/d8/3e50699faedb93a5818c962faefe81afdbbc2aa4a9ad55e6098f5416ece2/simplecalculator-0.0.4.tar.gz", hash = "sha256:1d862b52bc21305ef7633e59be71aae233905c51846b8775b66afb0104fa6110", size = 2776, upload-time = "2013-10-12T22:02:28.494Z" }
